
Microsoft Visual Studio Solution File, Format Version 12.00
# Visual Studio Version 16
VisualStudioVersion = 16.0.30413.136
MinimumVisualStudioVersion = 10.0.40219.1
Project("{FAE04EC0-301F-11D3-BF4B-00C04F79EFBC}") = "Task03", "Task03\Task03.csproj", "{236CA0EA-07B1-4C4C-A839-10B015E0FC2A}"
EndProject
Project("{FAE04EC0-301F-11D3-BF4B-00C04F79EFBC}") = "Task04", "Task04\Task04.csproj", "{CAB526BD-4368-4B16-8F1E-3E1AFA59D9FF}"
EndProject
Project("{FAE04EC0-301F-11D3-BF4B-00C04F79EFBC}") = "Task05", "Task05\Task05.csproj", "{3809228E-EA26-4E6D-8402-24C821230B9A}"
EndProject
Project("{FAE04EC0-301F-11D3-BF4B-00C04F79EFBC}") = "Task06", "Task06\Task06.csproj", "{AC3F43AD-5E42-4378-B197-3EAA1B28A196}"
EndProject
Project("{FAE04EC0-301F-11D3-BF4B-00C04F79EFBC}") = "CW_1", "CW_1\CW_1.csproj", "{CDC2F5AE-B4D8-4D87-A5CE-BAABF94828E3}"
EndProject
Project("{FAE04EC0-301F-11D3-BF4B-00C04F79EFBC}") = "CW_2", "CW_2\CW_2.csproj", "{DDBF17A4-8206-4CEC-A96C-F3EAE146F951}"
EndProject
Project("{FAE04EC0-301F-11D3-BF4B-00C04F79EFBC}") = "CW_3", "CW_3\CW_3.csproj", "{C6BFA93A-DACF-47E3-B564-0B78C9EB2850}"
EndProject
Project("{FAE04EC0-301F-11D3-BF4B-00C04F79EFBC}") = "CW_4", "CW_4\CW_4.csproj", "{BA3C1FD0-F37E-41A4-9D5D-5931284B9DE1}"
EndProject
Project("{FAE04EC0-301F-11D3-BF4B-00C04F79EFBC}") = "CW_5", "CW_5\CW_5.csproj", "{F60E9C0B-9089-47BD-869E-9851073235FC}"
EndProject
Project("{FAE04EC0-301F-11D3-BF4B-00C04F79EFBC}") = "CW_6", "CW_6\CW_6.csproj", "{4F8FD93D-FAB3-4009-AD7D-2A79CF6576B7}"
EndProject
Project("{FAE04EC0-301F-11D3-BF4B-00C04F79EFBC}") = "CW_7", "CW_7\CW_7.csproj", "{2F8A6117-C9EB-48BA-86EC-5CE495B77345}"
EndProject
Global
	GlobalSection(SolutionConfigurationPlatforms) = preSolution
		Debug|Any CPU = Debug|Any CPU
		Release|Any CPU = Release|Any CPU
	EndGlobalSection
	GlobalSection(ProjectConfigurationPlatforms) = postSolution
		{236CA0EA-07B1-4C4C-A839-10B015E0FC2A}.Debug|Any CPU.ActiveCfg = Debug|Any CPU
		{236CA0EA-07B1-4C4C-A839-10B015E0FC2A}.Debug|Any CPU.Build.0 = Debug|Any CPU
		{236CA0EA-07B1-4C4C-A839-10B015E0FC2A}.Release|Any CPU.ActiveCfg = Release|Any CPU
		{236CA0EA-07B1-4C4C-A839-10B015E0FC2A}.Release|Any CPU.Build.0 = Release|Any CPU
		{CAB526BD-4368-4B16-8F1E-3E1AFA59D9FF}.Debug|Any CPU.ActiveCfg = Debug|Any CPU
		{CAB526BD-4368-4B16-8F1E-3E1AFA59D9FF}.Debug|Any CPU.Build.0 = Debug|Any CPU
		{CAB526BD-4368-4B16-8F1E-3E1AFA59D9FF}.Release|Any CPU.ActiveCfg = Release|Any CPU
		{CAB526BD-4368-4B16-8F1E-3E1AFA59D9FF}.Release|Any CPU.Build.0 = Release|Any CPU
		{3809228E-EA26-4E6D-8402-24C821230B9A}.Debug|Any CPU.ActiveCfg = Debug|Any CPU
		{3809228E-EA26-4E6D-8402-24C821230B9A}.Debug|Any CPU.Build.0 = Debug|Any CPU
		{3809228E-EA26-4E6D-8402-24C821230B9A}.Release|Any CPU.ActiveCfg = Release|Any CPU
		{3809228E-EA26-4E6D-8402-24C821230B9A}.Release|Any CPU.Build.0 = Release|Any CPU
		{AC3F43AD-5E42-4378-B197-3EAA1B28A196}.Debug|Any CPU.ActiveCfg = Debug|Any CPU
		{AC3F43AD-5E42-4378-B197-3EAA1B28A196}.Debug|Any CPU.Build.0 = Debug|Any CPU
		{AC3F43AD-5E42-4378-B197-3EAA1B28A196}.Release|Any CPU.ActiveCfg = Release|Any CPU
		{AC3F43AD-5E42-4378-B197-3EAA1B28A196}.Release|Any CPU.Build.0 = Release|Any CPU
		{CDC2F5AE-B4D8-4D87-A5CE-BAABF94828E3}.Debug|Any CPU.ActiveCfg = Debug|Any CPU
		{CDC2F5AE-B4D8-4D87-A5CE-BAABF94828E3}.Debug|Any CPU.Build.0 = Debug|Any CPU
		{CDC2F5AE-B4D8-4D87-A5CE-BAABF94828E3}.Release|Any CPU.ActiveCfg = Release|Any CPU
		{CDC2F5AE-B4D8-4D87-A5CE-BAABF94828E3}.Release|Any CPU.Build.0 = Release|Any CPU
		{DDBF17A4-8206-4CEC-A96C-F3EAE146F951}.Debug|Any CPU.ActiveCfg = Debug|Any CPU
		{DDBF17A4-8206-4CEC-A96C-F3EAE146F951}.Debug|Any CPU.Build.0 = Debug|Any CPU
		{DDBF17A4-8206-4CEC-A96C-F3EAE146F951}.Release|Any CPU.ActiveCfg = Release|Any CPU
		{DDBF17A4-8206-4CEC-A96C-F3EAE146F951}.Release|Any CPU.Build.0 = Release|Any CPU
		{C6BFA93A-DACF-47E3-B564-0B78C9EB2850}.Debug|Any CPU.ActiveCfg = Debug|Any CPU
		{C6BFA93A-DACF-47E3-B564-0B78C9EB2850}.Debug|Any CPU.Build.0 = Debug|Any CPU
		{C6BFA93A-DACF-47E3-B564-0B78C9EB2850}.Release|Any CPU.ActiveCfg = Release|Any CPU
		{C6BFA93A-DACF-47E3-B564-0B78C9EB2850}.Release|Any CPU.Build.0 = Release|Any CPU
		{BA3C1FD0-F37E-41A4-9D5D-5931284B9DE1}.Debug|Any CPU.ActiveCfg = Debug|Any CPU
		{BA3C1FD0-F37E-41A4-9D5D-5931284B9DE1}.Debug|Any CPU.Build.0 = Debug|Any CPU
		{BA3C1FD0-F37E-41A4-9D5D-5931284B9DE1}.Release|Any CPU.ActiveCfg = Release|Any CPU
		{BA3C1FD0-F37E-41A4-9D5D-5931284B9DE1}.Release|Any CPU.Build.0 = Release|Any CPU
		{F60E9C0B-9089-47BD-869E-9851073235FC}.Debug|Any CPU.ActiveCfg = Debug|Any CPU
		{F60E9C0B-9089-47BD-869E-9851073235FC}.Debug|Any CPU.Build.0 = Debug|Any CPU
		{F60E9C0B-9089-47BD-869E-9851073235FC}.Release|Any CPU.ActiveCfg = Release|Any CPU
		{F60E9C0B-9089-47BD-869E-9851073235FC}.Release|Any CPU.Build.0 = Release|Any CPU
		{4F8FD93D-FAB3-4009-AD7D-2A79CF6576B7}.Debug|Any CPU.ActiveCfg = Debug|Any CPU
		{4F8FD93D-FAB3-4009-AD7D-2A79CF6576B7}.Debug|Any CPU.Build.0 = Debug|Any CPU
		{4F8FD93D-FAB3-4009-AD7D-2A79CF6576B7}.Release|Any CPU.ActiveCfg = Release|Any CPU
		{4F8FD93D-FAB3-4009-AD7D-2A79CF6576B7}.Release|Any CPU.Build.0 = Release|Any CPU
		{2F8A6117-C9EB-48BA-86EC-5CE495B77345}.Debug|Any CPU.ActiveCfg = Debug|Any CPU
		{2F8A6117-C9EB-48BA-86EC-5CE495B77345}.Debug|Any CPU.Build.0 = Debug|Any CPU
		{2F8A6117-C9EB-48BA-86EC-5CE495B77345}.Release|Any CPU.ActiveCfg = Release|Any CPU
		{2F8A6117-C9EB-48BA-86EC-5CE495B77345}.Release|Any CPU.Build.0 = Release|Any CPU
	EndGlobalSection
	GlobalSection(SolutionProperties) = preSolution
		HideSolutionNode = FALSE
	EndGlobalSection
	GlobalSection(ExtensibilityGlobals) = postSolution
		SolutionGuid = {B2A21BB8-EE02-4A90-9F40-06A3AA841B21}
	EndGlobalSection
EndGlobal
